
Microsoft Visual Studio Solution File, Format Version 12.00
# Visual Studio Version 17
VisualStudioVersion = 17.3.32922.545
MinimumVisualStudioVersion = 10.0.40219.1
Project("{FAE04EC0-301F-11D3-BF4B-00C04F79EFBC}") = "Client", "Client\Client.csproj", "{5D68352D-4ECF-43E9-BD20-91730BF51CC3}"
EndProject
Global
	GlobalSection(SolutionConfigurationPlatforms) = preSolution
		Debug|Any CPU = Debug|Any CPU
		Release|Any CPU = Release|Any CPU
	EndGlobalSection
	GlobalSection(ProjectConfigurationPlatforms) = postSolution
		{5D68352D-4ECF-43E9-BD20-91730BF51CC3}.Debug|Any CPU.ActiveCfg = Debug|Any CPU
		{5D68352D-4ECF-43E9-BD20-91730BF51CC3}.Debug|Any CPU.Build.0 = Debug|Any CPU
		{5D68352D-4ECF-43E9-BD20-91730BF51CC3}.Release|Any CPU.ActiveCfg = Release|Any CPU
		{5D68352D-4ECF-43E9-BD20-91730BF51CC3}.Release|Any CPU.Build.0 = Release|Any CPU
	EndGlobalSection
	GlobalSection(SolutionProperties) = preSolution
		HideSolutionNode = FALSE
	EndGlobalSection
	GlobalSection(ExtensibilityGlobals) = postSolution
		SolutionGuid = {270389BB-9728-46AE-8988-156D4ADF93DA}
	EndGlobalSection
EndGlobal
